// !$*UTF8*$!
{
	archiveVersion = 1;
	classes = {
	};
	objectVersion = 56;
	objects = {

/* Begin PBXBuildFile section */
		2D215D4B2B95D12C00A0EBF1 /* CoursesApp.swift in Sources */ = {isa = PBXBuildFile; fileRef = 2D215D4A2B95D12C00A0EBF1 /* CoursesApp.swift */; };
		2D215D4D2B95D12C00A0EBF1 /* ContentView.swift in Sources */ = {isa = PBXBuildFile; fileRef = 2D215D4C2B95D12C00A0EBF1 /* ContentView.swift */; };
		2D215D4F2B95D12F00A0EBF1 /* Assets.xcassets in Resources */ = {isa = PBXBuildFile; fileRef = 2D215D4E2B95D12F00A0EBF1 /* Assets.xcassets */; };
		2D215D522B95D12F00A0EBF1 /* Preview Assets.xcassets in Resources */ = {isa = PBXBuildFile; fileRef = 2D215D512B95D12F00A0EBF1 /* Preview Assets.xcassets */; };
		2D215D592B95D3C700A0EBF1 /* TabBar.swift in Sources */ = {isa = PBXBuildFile; fileRef = 2D215D582B95D3C700A0EBF1 /* TabBar.swift */; };
		2D215D5D2B95D4D800A0EBF1 /* ViewRouter.swift in Sources */ = {isa = PBXBuildFile; fileRef = 2D215D5C2B95D4D800A0EBF1 /* ViewRouter.swift */; };
		2D215D602B95D58500A0EBF1 /* TabBarIcon.swift in Sources */ = {isa = PBXBuildFile; fileRef = 2D215D5F2B95D58500A0EBF1 /* TabBarIcon.swift */; };
		2D215D632B95D62A00A0EBF1 /* Color  + ext.swift in Sources */ = {isa = PBXBuildFile; fileRef = 2D215D622B95D62A00A0EBF1 /* Color  + ext.swift */; };
		2D215D672B95D72000A0EBF1 /* TabBarCustomShape.swift in Sources */ = {isa = PBXBuildFile; fileRef = 2D215D662B95D72000A0EBF1 /* TabBarCustomShape.swift */; };
		2D215D6B2B95D90400A0EBF1 /* CourseListView.swift in Sources */ = {isa = PBXBuildFile; fileRef = 2D215D6A2B95D90400A0EBF1 /* CourseListView.swift */; };
		2D215D6E2B95D9B200A0EBF1 /* CommunicationView.swift in Sources */ = {isa = PBXBuildFile; fileRef = 2D215D6D2B95D9B200A0EBF1 /* CommunicationView.swift */; };
		2D215D712B95DA6600A0EBF1 /* AchievementsView.swift in Sources */ = {isa = PBXBuildFile; fileRef = 2D215D702B95DA6600A0EBF1 /* AchievementsView.swift */; };
		2D215D742B95DAC600A0EBF1 /* TestView.swift in Sources */ = {isa = PBXBuildFile; fileRef = 2D215D732B95DAC600A0EBF1 /* TestView.swift */; };
		2D215D772B95E7ED00A0EBF1 /* VideoPlayerView.swift in Sources */ = {isa = PBXBuildFile; fileRef = 2D215D762B95E7ED00A0EBF1 /* VideoPlayerView.swift */; };
		2D215D792B96088F00A0EBF1 /* ImageLoaderView.swift in Sources */ = {isa = PBXBuildFile; fileRef = 2D215D782B96088F00A0EBF1 /* ImageLoaderView.swift */; };
		2D215D7C2B960A0200A0EBF1 /* SearchBarView.swift in Sources */ = {isa = PBXBuildFile; fileRef = 2D215D7B2B960A0200A0EBF1 /* SearchBarView.swift */; };
		2D215D7E2B960E6500A0EBF1 /* CoursItemView.swift in Sources */ = {isa = PBXBuildFile; fileRef = 2D215D7D2B960E6500A0EBF1 /* CoursItemView.swift */; };
		2D215D852B96500800A0EBF1 /* PythonView.swift in Sources */ = {isa = PBXBuildFile; fileRef = 2D215D842B96500800A0EBF1 /* PythonView.swift */; };
		2D215D872B96502700A0EBF1 /* SwiftView.swift in Sources */ = {isa = PBXBuildFile; fileRef = 2D215D862B96502700A0EBF1 /* SwiftView.swift */; };
		2D215D892B96503B00A0EBF1 /* KotlinView.swift in Sources */ = {isa = PBXBuildFile; fileRef = 2D215D882B96503B00A0EBF1 /* KotlinView.swift */; };
		2D215D8B2B96505B00A0EBF1 /* JavaView.swift in Sources */ = {isa = PBXBuildFile; fileRef = 2D215D8A2B96505B00A0EBF1 /* JavaView.swift */; };
		2D215D8D2B96507200A0EBF1 /* CSharpView.swift in Sources */ = {isa = PBXBuildFile; fileRef = 2D215D8C2B96507200A0EBF1 /* CSharpView.swift */; };
		2D215D8F2B96637700A0EBF1 /* PaymentView.swift in Sources */ = {isa = PBXBuildFile; fileRef = 2D215D8E2B96637700A0EBF1 /* PaymentView.swift */; };
/* End PBXBuildFile section */

/* Begin PBXFileReference section */
		2D215D472B95D12C00A0EBF1 /* Courses.app */ = {isa = PBXFileReference; explicitFileType = wrapper.application; includeInIndex = 0; path = Courses.app; sourceTree = BUILT_PRODUCTS_DIR; };
		2D215D4A2B95D12C00A0EBF1 /* CoursesApp.swift */ = {isa = PBXFileReference; lastKnownFileType = sourcecode.swift; path = CoursesApp.swift; sourceTree = "<group>"; };
		2D215D4C2B95D12C00A0EBF1 /* ContentView.swift */ = {isa = PBXFileReference; lastKnownFileType = sourcecode.swift; path = ContentView.swift; sourceTree = "<group>"; };
		2D215D4E2B95D12F00A0EBF1 /* Assets.xcassets */ = {isa = PBXFileReference; lastKnownFileType = folder.assetcatalog; path = Assets.xcassets; sourceTree = "<group>"; };
		2D215D512B95D12F00A0EBF1 /* Preview Assets.xcassets */ = {isa = PBXFileReference; lastKnownFileType = folder.assetcatalog; path = "Preview Assets.xcassets"; sourceTree = "<group>"; };
		2D215D582B95D3C700A0EBF1 /* TabBar.swift */ = {isa = PBXFileReference; lastKnownFileType = sourcecode.swift; path = TabBar.swift; sourceTree = "<group>"; };
		2D215D5C2B95D4D800A0EBF1 /* ViewRouter.swift */ = {isa = PBXFileReference; lastKnownFileType = sourcecode.swift; path = ViewRouter.swift; sourceTree = "<group>"; };
		2D215D5F2B95D58500A0EBF1 /* TabBarIcon.swift */ = {isa = PBXFileReference; lastKnownFileType = sourcecode.swift; path = TabBarIcon.swift; sourceTree = "<group>"; };
		2D215D622B95D62A00A0EBF1 /* Color  + ext.swift */ = {isa = PBXFileReference; lastKnownFileType = sourcecode.swift; path = "Color  + ext.swift"; sourceTree = "<group>"; };
		2D215D662B95D72000A0EBF1 /* TabBarCustomShape.swift */ = {isa = PBXFileReference; lastKnownFileType = sourcecode.swift; path = TabBarCustomShape.swift; sourceTree = "<group>"; };
		2D215D6A2B95D90400A0EBF1 /* CourseListView.swift */ = {isa = PBXFileReference; lastKnownFileType = sourcecode.swift; path = CourseListView.swift; sourceTree = "<group>"; };
		2D215D6D2B95D9B200A0EBF1 /* CommunicationView.swift */ = {isa = PBXFileReference; lastKnownFileType = sourcecode.swift; path = CommunicationView.swift; sourceTree = "<group>"; };
		2D215D702B95DA6600A0EBF1 /* AchievementsView.swift */ = {isa = PBXFileReference; lastKnownFileType = sourcecode.swift; path = AchievementsView.swift; sourceTree = "<group>"; };
		2D215D732B95DAC600A0EBF1 /* TestView.swift */ = {isa = PBXFileReference; lastKnownFileType = sourcecode.swift; path = TestView.swift; sourceTree = "<group>"; };
		2D215D762B95E7ED00A0EBF1 /* VideoPlayerView.swift */ = {isa = PBXFileReference; lastKnownFileType = sourcecode.swift; path = VideoPlayerView.swift; sourceTree = "<group>"; };
		2D215D782B96088F00A0EBF1 /* ImageLoaderView.swift */ = {isa = PBXFileReference; lastKnownFileType = sourcecode.swift; path = ImageLoaderView.swift; sourceTree = "<group>"; };
		2D215D7B2B960A0200A0EBF1 /* SearchBarView.swift */ = {isa = PBXFileReference; lastKnownFileType = sourcecode.swift; path = SearchBarView.swift; sourceTree = "<group>"; };
		2D215D7D2B960E6500A0EBF1 /* CoursItemView.swift */ = {isa = PBXFileReference; lastKnownFileType = sourcecode.swift; path = CoursItemView.swift; sourceTree = "<group>"; };
		2D215D842B96500800A0EBF1 /* PythonView.swift */ = {isa = PBXFileReference; lastKnownFileType = sourcecode.swift; path = PythonView.swift; sourceTree = "<group>"; };
		2D215D862B96502700A0EBF1 /* SwiftView.swift */ = {isa = PBXFileReference; lastKnownFileType = sourcecode.swift; path = SwiftView.swift; sourceTree = "<group>"; };
		2D215D882B96503B00A0EBF1 /* KotlinView.swift */ = {isa = PBXFileReference; lastKnownFileType = sourcecode.swift; path = KotlinView.swift; sourceTree = "<group>"; };
		2D215D8A2B96505B00A0EBF1 /* JavaView.swift */ = {isa = PBXFileReference; lastKnownFileType = sourcecode.swift; path = JavaView.swift; sourceTree = "<group>"; };
		2D215D8C2B96507200A0EBF1 /* CSharpView.swift */ = {isa = PBXFileReference; lastKnownFileType = sourcecode.swift; path = CSharpView.swift; sourceTree = "<group>"; };
		2D215D8E2B96637700A0EBF1 /* PaymentView.swift */ = {isa = PBXFileReference; lastKnownFileType = sourcecode.swift; path = PaymentView.swift; sourceTree = "<group>"; };
/* End PBXFileReference section */

/* Begin PBXFrameworksBuildPhase section */
		2D215D442B95D12C00A0EBF1 /* Frameworks */ = {
			isa = PBXFrameworksBuildPhase;
			buildActionMask = 2147483647;
			files = (
			);
			runOnlyForDeploymentPostprocessing = 0;
		};
/* End PBXFrameworksBuildPhase section */

/* Begin PBXGroup section */
		2D215D3E2B95D12C00A0EBF1 = {
			isa = PBXGroup;
			children = (
				2D215D492B95D12C00A0EBF1 /* Courses */,
				2D215D482B95D12C00A0EBF1 /* Products */,
			);
			sourceTree = "<group>";
		};
		2D215D482B95D12C00A0EBF1 /* Products */ = {
			isa = PBXGroup;
			children = (
				2D215D472B95D12C00A0EBF1 /* Courses.app */,
			);
			name = Products;
			sourceTree = "<group>";
		};
		2D215D492B95D12C00A0EBF1 /* Courses */ = {
			isa = PBXGroup;
			children = (
				2D215D752B95E7B800A0EBF1 /* Services */,
				2D215D4A2B95D12C00A0EBF1 /* CoursesApp.swift */,
				2D215D612B95D5D000A0EBF1 /* Extensions */,
				2D215D682B95D76300A0EBF1 /* Screen */,
				2D215D502B95D12F00A0EBF1 /* Preview Content */,
			);
			path = Courses;
			sourceTree = "<group>";
		};
		2D215D502B95D12F00A0EBF1 /* Preview Content */ = {
			isa = PBXGroup;
			children = (
				2D215D512B95D12F00A0EBF1 /* Preview Assets.xcassets */,
				2D215D4E2B95D12F00A0EBF1 /* Assets.xcassets */,
			);
			path = "Preview Content";
			sourceTree = "<group>";
		};
		2D215D5A2B95D3E400A0EBF1 /* TabBar */ = {
			isa = PBXGroup;
			children = (
				2D215D582B95D3C700A0EBF1 /* TabBar.swift */,
				2D215D5E2B95D55C00A0EBF1 /* Components */,
			);
			path = TabBar;
			sourceTree = "<group>";
		};
		2D215D5B2B95D4B400A0EBF1 /* ViewRouter */ = {
			isa = PBXGroup;
			children = (
				2D215D5C2B95D4D800A0EBF1 /* ViewRouter.swift */,
			);
			path = ViewRouter;
			sourceTree = "<group>";
		};
		2D215D5E2B95D55C00A0EBF1 /* Components */ = {
			isa = PBXGroup;
			children = (
				2D215D5F2B95D58500A0EBF1 /* TabBarIcon.swift */,
				2D215D662B95D72000A0EBF1 /* TabBarCustomShape.swift */,
			);
			name = Components;
			sourceTree = "<group>";
		};
		2D215D612B95D5D000A0EBF1 /* Extensions */ = {
			isa = PBXGroup;
			children = (
				2D215D622B95D62A00A0EBF1 /* Color  + ext.swift */,
			);
			path = Extensions;
			sourceTree = "<group>";
		};
		2D215D682B95D76300A0EBF1 /* Screen */ = {
			isa = PBXGroup;
			children = (
				2D215D4C2B95D12C00A0EBF1 /* ContentView.swift */,
				2D215D7F2B960FC800A0EBF1 /* Cours */,
				2D215D692B95D8E300A0EBF1 /* CourseListView */,
				2D215D722B95DAAE00A0EBF1 /* TestView */,
				2D215D6F2B95DA4800A0EBF1 /* AchievementsView */,
				2D215D6C2B95D99500A0EBF1 /* CommunicationView */,
				2D215D5A2B95D3E400A0EBF1 /* TabBar */,
				2D215D5B2B95D4B400A0EBF1 /* ViewRouter */,
			);
			path = Screen;
			sourceTree = "<group>";
		};
		2D215D692B95D8E300A0EBF1 /* CourseListView */ = {
			isa = PBXGroup;
			children = (
				2D215D6A2B95D90400A0EBF1 /* CourseListView.swift */,
				2D215D7A2B96095E00A0EBF1 /* Components */,
			);
			path = CourseListView;
			sourceTree = "<group>";
		};
		2D215D6C2B95D99500A0EBF1 /* CommunicationView */ = {
			isa = PBXGroup;
			children = (
				2D215D6D2B95D9B200A0EBF1 /* CommunicationView.swift */,
			);
			path = CommunicationView;
			sourceTree = "<group>";
		};
		2D215D6F2B95DA4800A0EBF1 /* AchievementsView */ = {
			isa = PBXGroup;
			children = (
				2D215D702B95DA6600A0EBF1 /* AchievementsView.swift */,
			);
			path = AchievementsView;
			sourceTree = "<group>";
		};
		2D215D722B95DAAE00A0EBF1 /* TestView */ = {
			isa = PBXGroup;
			children = (
				2D215D732B95DAC600A0EBF1 /* TestView.swift */,
			);
			path = TestView;
			sourceTree = "<group>";
		};
		2D215D752B95E7B800A0EBF1 /* Services */ = {
			isa = PBXGroup;
			children = (
				2D215D762B95E7ED00A0EBF1 /* VideoPlayerView.swift */,
				2D215D782B96088F00A0EBF1 /* ImageLoaderView.swift */,
			);
			name = Services;
			sourceTree = "<group>";
		};
		2D215D7A2B96095E00A0EBF1 /* Components */ = {
			isa = PBXGroup;
			children = (
				2D215D7B2B960A0200A0EBF1 /* SearchBarView.swift */,
				2D215D7D2B960E6500A0EBF1 /* CoursItemView.swift */,
			);
			path = Components;
			sourceTree = "<group>";
		};
		2D215D7F2B960FC800A0EBF1 /* Cours */ = {
			isa = PBXGroup;
			children = (
				2D215D902B96638700A0EBF1 /* Payment */,
				2D215D842B96500800A0EBF1 /* PythonView.swift */,
				2D215D862B96502700A0EBF1 /* SwiftView.swift */,
				2D215D882B96503B00A0EBF1 /* KotlinView.swift */,
				2D215D8A2B96505B00A0EBF1 /* JavaView.swift */,
				2D215D8C2B96507200A0EBF1 /* CSharpView.swift */,
			);
			path = Cours;
			sourceTree = "<group>";
		};
		2D215D902B96638700A0EBF1 /* Payment */ = {
			isa = PBXGroup;
			children = (
				2D215D8E2B96637700A0EBF1 /* PaymentView.swift */,
			);
			path = Payment;
			sourceTree = "<group>";
		};
/* End PBXGroup section */

/* Begin PBXNativeTarget section */
		2D215D462B95D12C00A0EBF1 /* Courses */ = {
			isa = PBXNativeTarget;
			buildConfigurationList = 2D215D552B95D12F00A0EBF1 /* Build configuration list for PBXNativeTarget "Courses" */;
			buildPhases = (
				2D215D432B95D12C00A0EBF1 /* Sources */,
				2D215D442B95D12C00A0EBF1 /* Frameworks */,
				2D215D452B95D12C00A0EBF1 /* Resources */,
			);
			buildRules = (
			);
			dependencies = (
			);
			name = Courses;
			productName = Courses;
			productReference = 2D215D472B95D12C00A0EBF1 /* Courses.app */;
			productType = "com.apple.product-type.application";
		};
/* End PBXNativeTarget section */

/* Begin PBXProject section */
		2D215D3F2B95D12C00A0EBF1 /* Project object */ = {
			isa = PBXProject;
			attributes = {
				BuildIndependentTargetsInParallel = 1;
				LastSwiftUpdateCheck = 1520;
				LastUpgradeCheck = 1520;
				TargetAttributes = {
					2D215D462B95D12C00A0EBF1 = {
						CreatedOnToolsVersion = 15.2;
					};
				};
			};
			buildConfigurationList = 2D215D422B95D12C00A0EBF1 /* Build configuration list for PBXProject "Courses" */;
			compatibilityVersion = "Xcode 14.0";
			developmentRegion = en;
			hasScannedForEncodings = 0;
			knownRegions = (
				en,
				Base,
			);
			mainGroup = 2D215D3E2B95D12C00A0EBF1;
			productRefGroup = 2D215D482B95D12C00A0EBF1 /* Products */;
			projectDirPath = "";
			projectRoot = "";
			targets = (
				2D215D462B95D12C00A0EBF1 /* Courses */,
			);
		};
/* End PBXProject section */

/* Begin PBXResourcesBuildPhase section */
		2D215D452B95D12C00A0EBF1 /* Resources */ = {
			isa = PBXResourcesBuildPhase;
			buildActionMask = 2147483647;
			files = (
				2D215D522B95D12F00A0EBF1 /* Preview Assets.xcassets in Resources */,
				2D215D4F2B95D12F00A0EBF1 /* Assets.xcassets in Resources */,
			);
			runOnlyForDeploymentPostprocessing = 0;
		};
/* End PBXResourcesBuildPhase section */

/* Begin PBXSourcesBuildPhase section */
		2D215D432B95D12C00A0EBF1 /* Sources */ = {
			isa = PBXSourcesBuildPhase;
			buildActionMask = 2147483647;
			files = (
				2D215D792B96088F00A0EBF1 /* ImageLoaderView.swift in Sources */,
				2D215D742B95DAC600A0EBF1 /* TestView.swift in Sources */,
				2D215D4D2B95D12C00A0EBF1 /* ContentView.swift in Sources */,
				2D215D892B96503B00A0EBF1 /* KotlinView.swift in Sources */,
				2D215D6E2B95D9B200A0EBF1 /* CommunicationView.swift in Sources */,
				2D215D602B95D58500A0EBF1 /* TabBarIcon.swift in Sources */,
				2D215D672B95D72000A0EBF1 /* TabBarCustomShape.swift in Sources */,
				2D215D8B2B96505B00A0EBF1 /* JavaView.swift in Sources */,
				2D215D4B2B95D12C00A0EBF1 /* CoursesApp.swift in Sources */,
				2D215D7E2B960E6500A0EBF1 /* CoursItemView.swift in Sources */,
				2D215D8F2B96637700A0EBF1 /* PaymentView.swift in Sources */,
				2D215D852B96500800A0EBF1 /* PythonView.swift in Sources */,
				2D215D592B95D3C700A0EBF1 /* TabBar.swift in Sources */,
				2D215D8D2B96507200A0EBF1 /* CSharpView.swift in Sources */,
				2D215D632B95D62A00A0EBF1 /* Color  + ext.swift in Sources */,
				2D215D6B2B95D90400A0EBF1 /* CourseListView.swift in Sources */,
				2D215D7C2B960A0200A0EBF1 /* SearchBarView.swift in Sources */,
				2D215D712B95DA6600A0EBF1 /* AchievementsView.swift in Sources */,
				2D215D5D2B95D4D800A0EBF1 /* ViewRouter.swift in Sources */,
				2D215D872B96502700A0EBF1 /* SwiftView.swift in Sources */,
				2D215D772B95E7ED00A0EBF1 /* VideoPlayerView.swift in Sources */,
			);
			runOnlyForDeploymentPostprocessing = 0;
		};
/* End PBXSourcesBuildPhase section */

/* Begin XCBuildConfiguration section */
		2D215D532B95D12F00A0EBF1 /* Debug */ = {
			isa = XCBuildConfiguration;
			buildSettings = {
				ALWAYS_SEARCH_USER_PATHS = NO;
				ASSETCATALOG_COMPILER_GENERATE_SWIFT_ASSET_SYMBOL_EXTENSIONS = YES;
				CLANG_ANALYZER_NONNULL = YES;
				CLANG_ANALYZER_NUMBER_OBJECT_CONVERSION = YES_AGGRESSIVE;
				CLANG_CXX_LANGUAGE_STANDARD = "gnu++20";
				CLANG_ENABLE_MODULES = YES;
				CLANG_ENABLE_OBJC_ARC = YES;
				CLANG_ENABLE_OBJC_WEAK = YES;
				CLANG_WARN_BLOCK_CAPTURE_AUTORELEASING = YES;
				CLANG_WARN_BOOL_CONVERSION = YES;
				CLANG_WARN_COMMA = YES;
				CLANG_WARN_CONSTANT_CONVERSION = YES;
				CLANG_WARN_DEPRECATED_OBJC_IMPLEMENTATIONS = YES;
				CLANG_WARN_DIRECT_OBJC_ISA_USAGE = YES_ERROR;
				CLANG_WARN_DOCUMENTATION_COMMENTS = YES;
				CLANG_WARN_EMPTY_BODY = YES;
				CLANG_WARN_ENUM_CONVERSION = YES;
				CLANG_WARN_INFINITE_RECURSION = YES;
				CLANG_WARN_INT_CONVERSION = YES;
				CLANG_WARN_NON_LITERAL_NULL_CONVERSION = YES;
				CLANG_WARN_OBJC_IMPLICIT_RETAIN_SELF = YES;
				CLANG_WARN_OBJC_LITERAL_CONVERSION = YES;
				CLANG_WARN_OBJC_ROOT_CLASS = YES_ERROR;
				CLANG_WARN_QUOTED_INCLUDE_IN_FRAMEWORK_HEADER = YES;
				CLANG_WARN_RANGE_LOOP_ANALYSIS = YES;
				CLANG_WARN_STRICT_PROTOTYPES = YES;
				CLANG_WARN_SUSPICIOUS_MOVE = YES;
				CLANG_WARN_UNGUARDED_AVAILABILITY = YES_AGGRESSIVE;
				CLANG_WARN_UNREACHABLE_CODE = YES;
				CLANG_WARN__DUPLICATE_METHOD_MATCH = YES;
				COPY_PHASE_STRIP = NO;
				DEBUG_INFORMATION_FORMAT = dwarf;
				ENABLE_STRICT_OBJC_MSGSEND = YES;
				ENABLE_TESTABILITY = YES;
				ENABLE_USER_SCRIPT_SANDBOXING = YES;
				GCC_C_LANGUAGE_STANDARD = gnu17;
				GCC_DYNAMIC_NO_PIC = NO;
				GCC_NO_COMMON_BLOCKS = YES;
				GCC_OPTIMIZATION_LEVEL = 0;
				GCC_PREPROCESSOR_DEFINITIONS = (
					"DEBUG=1",
					"$(inherited)",
				);
				GCC_WARN_64_TO_32_BIT_CONVERSION = YES;
				GCC_WARN_ABOUT_RETURN_TYPE = YES_ERROR;
				GCC_WARN_UNDECLARED_SELECTOR = YES;
				GCC_WARN_UNINITIALIZED_AUTOS = YES_AGGRESSIVE;
				GCC_WARN_UNUSED_FUNCTION = YES;
				GCC_WARN_UNUSED_VARIABLE = YES;
				IPHONEOS_DEPLOYMENT_TARGET = 17.2;
				LOCALIZATION_PREFERS_STRING_CATALOGS = YES;
				MTL_ENABLE_DEBUG_INFO = INCLUDE_SOURCE;
				MTL_FAST_MATH = YES;
				ONLY_ACTIVE_ARCH = YES;
				SDKROOT = iphoneos;
				SWIFT_ACTIVE_COMPILATION_CONDITIONS = "DEBUG $(inherited)";
				SWIFT_OPTIMIZATION_LEVEL = "-Onone";
			};
			name = Debug;
		};
		2D215D542B95D12F00A0EBF1 /* Release */ = {
			isa = XCBuildConfiguration;
			buildSettings = {
				ALWAYS_SEARCH_USER_PATHS = NO;
				ASSETCATALOG_COMPILER_GENERATE_SWIFT_ASSET_SYMBOL_EXTENSIONS = YES;
				CLANG_ANALYZER_NONNULL = YES;
				CLANG_ANALYZER_NUMBER_OBJECT_CONVERSION = YES_AGGRESSIVE;
				CLANG_CXX_LANGUAGE_STANDARD = "gnu++20";
				CLANG_ENABLE_MODULES = YES;
				CLANG_ENABLE_OBJC_ARC = YES;
				CLANG_ENABLE_OBJC_WEAK = YES;
				CLANG_WARN_BLOCK_CAPTURE_AUTORELEASING = YES;
				CLANG_WARN_BOOL_CONVERSION = YES;
				CLANG_WARN_COMMA = YES;
				CLANG_WARN_CONSTANT_CONVERSION = YES;
				CLANG_WARN_DEPRECATED_OBJC_IMPLEMENTATIONS = YES;
				CLANG_WARN_DIRECT_OBJC_ISA_USAGE = YES_ERROR;
				CLANG_WARN_DOCUMENTATION_COMMENTS = YES;
				CLANG_WARN_EMPTY_BODY = YES;
				CLANG_WARN_ENUM_CONVERSION = YES;
				CLANG_WARN_INFINITE_RECURSION = YES;
				CLANG_WARN_INT_CONVERSION = YES;
				CLANG_WARN_NON_LITERAL_NULL_CONVERSION = YES;
				CLANG_WARN_OBJC_IMPLICIT_RETAIN_SELF = YES;
				CLANG_WARN_OBJC_LITERAL_CONVERSION = YES;
				CLANG_WARN_OBJC_ROOT_CLASS = YES_ERROR;
				CLANG_WARN_QUOTED_INCLUDE_IN_FRAMEWORK_HEADER = YES;
				CLANG_WARN_RANGE_LOOP_ANALYSIS = YES;
				CLANG_WARN_STRICT_PROTOTYPES = YES;
				CLANG_WARN_SUSPICIOUS_MOVE = YES;
				CLANG_WARN_UNGUARDED_AVAILABILITY = YES_AGGRESSIVE;
				CLANG_WARN_UNREACHABLE_CODE = YES;
				CLANG_WARN__DUPLICATE_METHOD_MATCH = YES;
				COPY_PHASE_STRIP = NO;
				DEBUG_INFORMATION_FORMAT = "dwarf-with-dsym";
				ENABLE_NS_ASSERTIONS = NO;
				ENABLE_STRICT_OBJC_MSGSEND = YES;
				ENABLE_USER_SCRIPT_SANDBOXING = YES;
				GCC_C_LANGUAGE_STANDARD = gnu17;
				GCC_NO_COMMON_BLOCKS = YES;
				GCC_WARN_64_TO_32_BIT_CONVERSION = YES;
				GCC_WARN_ABOUT_RETURN_TYPE = YES_ERROR;
				GCC_WARN_UNDECLARED_SELECTOR = YES;
				GCC_WARN_UNINITIALIZED_AUTOS = YES_AGGRESSIVE;
				GCC_WARN_UNUSED_FUNCTION = YES;
				GCC_WARN_UNUSED_VARIABLE = YES;
				IPHONEOS_DEPLOYMENT_TARGET = 17.2;
				LOCALIZATION_PREFERS_STRING_CATALOGS = YES;
				MTL_ENABLE_DEBUG_INFO = NO;
				MTL_FAST_MATH = YES;
				SDKROOT = iphoneos;
				SWIFT_COMPILATION_MODE = wholemodule;
				VALIDATE_PRODUCT = YES;
			};
			name = Release;
		};
		2D215D562B95D12F00A0EBF1 /* Debug */ = {
			isa = XCBuildConfiguration;
			buildSettings = {
				ASSETCATALOG_COMPILER_APPICON_NAME = AppIcon;
				ASSETCATALOG_COMPILER_GLOBAL_ACCENT_COLOR_NAME = AccentColor;
				CODE_SIGN_STYLE = Automatic;
				CURRENT_PROJECT_VERSION = 1;
				DEVELOPMENT_ASSET_PATHS = "\"Courses/Preview Content\"";
				DEVELOPMENT_TEAM = TU7XLW47PY;
				ENABLE_PREVIEWS = YES;
				GENERATE_INFOPLIST_FILE = YES;
				INFOPLIST_KEY_UIApplicationSceneManifest_Generation = YES;
				INFOPLIST_KEY_UIApplicationSupportsIndirectInputEvents = YES;
				INFOPLIST_KEY_UILaunchScreen_Generation = YES;
				INFOPLIST_KEY_UISupportedInterfaceOrientations_iPad = "UIInterfaceOrientationPortrait UIInterfaceOrientationPortraitUpsideDown UIInterfaceOrientationLandscapeLeft UIInterfaceOrientationLandscapeRight";
				INFOPLIST_KEY_UISupportedInterfaceOrientations_iPhone = "UIInterfaceOrientationPortrait UIInterfaceOrientationLandscapeLeft UIInterfaceOrientationLandscapeRight";
				LD_RUNPATH_SEARCH_PATHS = (
					"$(inherited)",
					"@executable_path/Frameworks",
				);
				MARKETING_VERSION = 1.0;
				PRODUCT_BUNDLE_IDENTIFIER = nikitamarzianov.Courses;
				PRODUCT_NAME = "$(TARGET_NAME)";
				SWIFT_EMIT_LOC_STRINGS = YES;
				SWIFT_VERSION = 5.0;
				TARGETED_DEVICE_FAMILY = "1,2";
			};
			name = Debug;
		};
		2D215D572B95D12F00A0EBF1 /* Release */ = {
			isa = XCBuildConfiguration;
			buildSettings = {
				ASSETCATALOG_COMPILER_APPICON_NAME = AppIcon;
				ASSETCATALOG_COMPILER_GLOBAL_ACCENT_COLOR_NAME = AccentColor;
				CODE_SIGN_STYLE = Automatic;
				CURRENT_PROJECT_VERSION = 1;
				DEVELOPMENT_ASSET_PATHS = "\"Courses/Preview Content\"";
				DEVELOPMENT_TEAM = TU7XLW47PY;
				ENABLE_PREVIEWS = YES;
				GENERATE_INFOPLIST_FILE = YES;
				INFOPLIST_KEY_UIApplicationSceneManifest_Generation = YES;
				INFOPLIST_KEY_UIApplicationSupportsIndirectInputEvents = YES;
				INFOPLIST_KEY_UILaunchScreen_Generation = YES;
				INFOPLIST_KEY_UISupportedInterfaceOrientations_iPad = "UIInterfaceOrientationPortrait UIInterfaceOrientationPortraitUpsideDown UIInterfaceOrientationLandscapeLeft UIInterfaceOrientationLandscapeRight";
				INFOPLIST_KEY_UISupportedInterfaceOrientations_iPhone = "UIInterfaceOrientationPortrait UIInterfaceOrientationLandscapeLeft UIInterfaceOrientationLandscapeRight";
				LD_RUNPATH_SEARCH_PATHS = (
					"$(inherited)",
					"@executable_path/Frameworks",
				);
				MARKETING_VERSION = 1.0;
				PRODUCT_BUNDLE_IDENTIFIER = nikitamarzianov.Courses;
				PRODUCT_NAME = "$(TARGET_NAME)";
				SWIFT_EMIT_LOC_STRINGS = YES;
				SWIFT_VERSION = 5.0;
				TARGETED_DEVICE_FAMILY = "1,2";
			};
			name = Release;
		};
/* End XCBuildConfiguration section */

/* Begin XCConfigurationList section */
		2D215D422B95D12C00A0EBF1 /* Build configuration list for PBXProject "Courses" */ = {
			isa = XCConfigurationList;
			buildConfigurations = (
				2D215D532B95D12F00A0EBF1 /* Debug */,
				2D215D542B95D12F00A0EBF1 /* Release */,
			);
			defaultConfigurationIsVisible = 0;
			defaultConfigurationName = Release;
		};
		2D215D552B95D12F00A0EBF1 /* Build configuration list for PBXNativeTarget "Courses" */ = {
			isa = XCConfigurationList;
			buildConfigurations = (
				2D215D562B95D12F00A0EBF1 /* Debug */,
				2D215D572B95D12F00A0EBF1 /* Release */,
			);
			defaultConfigurationIsVisible = 0;
			defaultConfigurationName = Release;
		};
/* End XCConfigurationList section */
	};
	rootObject = 2D215D3F2B95D12C00A0EBF1 /* Project object */;
}
